{
  "name": "clay",
  "version": "0.0.1",
  "lockfileVersion": 3,
  "requires": true,
  "packages": {
    "": {
      "name": "clay",
      "version": "0.0.1",
      "devDependencies": {
        "@types/vscode": "^1.99.1",
        "typescript": "^5.8.3"
      },
      "engines": {
        "vscode": "^1.99.0"
      }
    },
    "node_modules/@types/vscode": {
      "version": "1.99.1",
      "resolved": "https://registry.npmjs.org/@types/vscode/-/vscode-1.99.1.tgz",
      "integrity": "sha512-cQlqxHZ040ta6ovZXnXRxs3fJiTmlurkIWOfZVcLSZPcm9J4ikFpXuB7gihofGn5ng+kDVma5EmJIclfk0trPQ==",
      "dev": true
    },
    "node_modules/typescript": {
      "version": "5.8.3",
      "resolved": "https://registry.npmjs.org/typescript/-/typescript-5.8.3.tgz",
      "integrity": "sha512-p1diW6TqL9L07nNxvRMM7hMMw4c5XOo/1ibL4aAIGmSAt9slTE1Xgw5KWuof2uTOvCg9BY7ZRi+GaF+7sfgPeQ==",
      "dev": true,
      "bin": {
        "tsc": "bin/tsc",
        "tsserver": "bin/tsserver"
      },
      "engines": {
        "node": ">=14.17"
      }
    }
  }
}
